
Microsoft Visual Studio Solution File, Format Version 12.00
Project("{FAE04EC0-301F-11D3-BF4B-00C04F79EFBC}") = "Refit.HttpClientFactory.Extensions", "Refit.HttpClientFactory.Extensions\Refit.HttpClientFactory.Extensions.csproj", "{258896CC-AC9D-4DF8-978E-EB9835E4CDAA}"
EndProject
Project("{FAE04EC0-301F-11D3-BF4B-00C04F79EFBC}") = "Refit.HttpClientFactory.Extensions.Tests", "Refit.HttpClientFactory.Extensions.Tests\Refit.HttpClientFactory.Extensions.Tests.csproj", "{92FEA564-4CF3-40B4-A2AD-498501133429}"
EndProject
Global
	GlobalSection(SolutionConfigurationPlatforms) = preSolution
		Debug|Any CPU = Debug|Any CPU
		Release|Any CPU = Release|Any CPU
	EndGlobalSection
	GlobalSection(ProjectConfigurationPlatforms) = postSolution
		{258896CC-AC9D-4DF8-978E-EB9835E4CDAA}.Debug|Any CPU.ActiveCfg = Debug|Any CPU
		{258896CC-AC9D-4DF8-978E-EB9835E4CDAA}.Debug|Any CPU.Build.0 = Debug|Any CPU
		{258896CC-AC9D-4DF8-978E-EB9835E4CDAA}.Release|Any CPU.ActiveCfg = Release|Any CPU
		{258896CC-AC9D-4DF8-978E-EB9835E4CDAA}.Release|Any CPU.Build.0 = Release|Any CPU
		{92FEA564-4CF3-40B4-A2AD-498501133429}.Debug|Any CPU.ActiveCfg = Debug|Any CPU
		{92FEA564-4CF3-40B4-A2AD-498501133429}.Debug|Any CPU.Build.0 = Debug|Any CPU
		{92FEA564-4CF3-40B4-A2AD-498501133429}.Release|Any CPU.ActiveCfg = Release|Any CPU
		{92FEA564-4CF3-40B4-A2AD-498501133429}.Release|Any CPU.Build.0 = Release|Any CPU
	EndGlobalSection
EndGlobal
